
Microsoft Visual Studio Solution File, Format Version 12.00
# Visual Studio Version 16
VisualStudioVersion = 16.0.31410.357
MinimumVisualStudioVersion = 10.0.40219.1
Project("{2150E333-8FDC-42A3-9474-1A3956D46DE8}") = "Services", "Services", "{DF7323BC-B934-4191-9EC6-F693649ACD87}"
EndProject
Project("{2150E333-8FDC-42A3-9474-1A3956D46DE8}") = "Catalog", "Catalog", "{2208B84D-B98C-44F5-A4AE-FCEB2B42D885}"
EndProject
Project("{9A19103F-16F7-4668-BE54-9A1E7A4F7556}") = "Catalog.API", "Services\Catalog\Catalog.API\Catalog.API.csproj", "{25F4018E-F147-41C9-A0A6-FBB07D20DFEA}"
EndProject
Project("{E53339B2-1760-4266-BCC7-CA923CBCF16C}") = "docker-compose", "docker-compose.dcproj", "{682A435D-7841-4C7E-B3B6-8CC2A46AEDB4}"
EndProject
Project("{2150E333-8FDC-42A3-9474-1A3956D46DE8}") = "Basket", "Basket", "{847A5788-7E19-489E-A7AD-56A981AD2EB5}"
EndProject
Project("{9A19103F-16F7-4668-BE54-9A1E7A4F7556}") = "Basket.API", "Services\Basket\Basket.API\Basket.API.csproj", "{D81F9B95-0543-4DCC-995E-F75535A1196B}"
EndProject
Project("{2150E333-8FDC-42A3-9474-1A3956D46DE8}") = "Discount", "Discount", "{650F68DF-8FD8-41DE-B998-886568A3791E}"
EndProject
Project("{9A19103F-16F7-4668-BE54-9A1E7A4F7556}") = "Discount.API", "Services\Discount\Discount.API\Discount.API.csproj", "{87B77FDD-A83D-4DF9-B2D5-54DEA8A4E5C2}"
EndProject
Project("{FAE04EC0-301F-11D3-BF4B-00C04F79EFBC}") = "Discount.Grpc", "Services\Discount\Discount.Grpc\Discount.Grpc.csproj", "{4F93C008-5569-4960-9FD3-C6D74E794886}"
EndProject
Global
	GlobalSection(SolutionConfigurationPlatforms) = preSolution
		Debug|Any CPU = Debug|Any CPU
		Release|Any CPU = Release|Any CPU
	EndGlobalSection
	GlobalSection(ProjectConfigurationPlatforms) = postSolution
		{25F4018E-F147-41C9-A0A6-FBB07D20DFEA}.Debug|Any CPU.ActiveCfg = Debug|Any CPU
		{25F4018E-F147-41C9-A0A6-FBB07D20DFEA}.Debug|Any CPU.Build.0 = Debug|Any CPU
		{25F4018E-F147-41C9-A0A6-FBB07D20DFEA}.Release|Any CPU.ActiveCfg = Release|Any CPU
		{25F4018E-F147-41C9-A0A6-FBB07D20DFEA}.Release|Any CPU.Build.0 = Release|Any CPU
		{682A435D-7841-4C7E-B3B6-8CC2A46AEDB4}.Debug|Any CPU.ActiveCfg = Debug|Any CPU
		{682A435D-7841-4C7E-B3B6-8CC2A46AEDB4}.Debug|Any CPU.Build.0 = Debug|Any CPU
		{682A435D-7841-4C7E-B3B6-8CC2A46AEDB4}.Release|Any CPU.ActiveCfg = Release|Any CPU
		{682A435D-7841-4C7E-B3B6-8CC2A46AEDB4}.Release|Any CPU.Build.0 = Release|Any CPU
		{D81F9B95-0543-4DCC-995E-F75535A1196B}.Debug|Any CPU.ActiveCfg = Debug|Any CPU
		{D81F9B95-0543-4DCC-995E-F75535A1196B}.Debug|Any CPU.Build.0 = Debug|Any CPU
		{D81F9B95-0543-4DCC-995E-F75535A1196B}.Release|Any CPU.ActiveCfg = Release|Any CPU
		{D81F9B95-0543-4DCC-995E-F75535A1196B}.Release|Any CPU.Build.0 = Release|Any CPU
		{87B77FDD-A83D-4DF9-B2D5-54DEA8A4E5C2}.Debug|Any CPU.ActiveCfg = Debug|Any CPU
		{87B77FDD-A83D-4DF9-B2D5-54DEA8A4E5C2}.Debug|Any CPU.Build.0 = Debug|Any CPU
		{87B77FDD-A83D-4DF9-B2D5-54DEA8A4E5C2}.Release|Any CPU.ActiveCfg = Release|Any CPU
		{87B77FDD-A83D-4DF9-B2D5-54DEA8A4E5C2}.Release|Any CPU.Build.0 = Release|Any CPU
		{4F93C008-5569-4960-9FD3-C6D74E794886}.Debug|Any CPU.ActiveCfg = Debug|Any CPU
		{4F93C008-5569-4960-9FD3-C6D74E794886}.Debug|Any CPU.Build.0 = Debug|Any CPU
		{4F93C008-5569-4960-9FD3-C6D74E794886}.Release|Any CPU.ActiveCfg = Release|Any CPU
		{4F93C008-5569-4960-9FD3-C6D74E794886}.Release|Any CPU.Build.0 = Release|Any CPU
	EndGlobalSection
	GlobalSection(SolutionProperties) = preSolution
		HideSolutionNode = FALSE
	EndGlobalSection
	GlobalSection(NestedProjects) = preSolution
		{2208B84D-B98C-44F5-A4AE-FCEB2B42D885} = {DF7323BC-B934-4191-9EC6-F693649ACD87}
		{25F4018E-F147-41C9-A0A6-FBB07D20DFEA} = {2208B84D-B98C-44F5-A4AE-FCEB2B42D885}
		{847A5788-7E19-489E-A7AD-56A981AD2EB5} = {DF7323BC-B934-4191-9EC6-F693649ACD87}
		{D81F9B95-0543-4DCC-995E-F75535A1196B} = {847A5788-7E19-489E-A7AD-56A981AD2EB5}
		{650F68DF-8FD8-41DE-B998-886568A3791E} = {DF7323BC-B934-4191-9EC6-F693649ACD87}
		{87B77FDD-A83D-4DF9-B2D5-54DEA8A4E5C2} = {650F68DF-8FD8-41DE-B998-886568A3791E}
		{4F93C008-5569-4960-9FD3-C6D74E794886} = {650F68DF-8FD8-41DE-B998-886568A3791E}
	EndGlobalSection
	GlobalSection(ExtensibilityGlobals) = postSolution
		SolutionGuid = {1EC1BFCC-4E22-42A5-8614-18671ED671AF}
	EndGlobalSection
EndGlobal
