
Microsoft Visual Studio Solution File, Format Version 12.00
# Visual Studio Version 16
VisualStudioVersion = 16.0.31410.357
MinimumVisualStudioVersion = 10.0.40219.1
Project("{2150E333-8FDC-42A3-9474-1A3956D46DE8}") = "Services", "Services", "{DF7323BC-B934-4191-9EC6-F693649ACD87}"
EndProject
Project("{2150E333-8FDC-42A3-9474-1A3956D46DE8}") = "Catalog", "Catalog", "{2208B84D-B98C-44F5-A4AE-FCEB2B42D885}"
EndProject
Project("{9A19103F-16F7-4668-BE54-9A1E7A4F7556}") = "Catalog.API", "Services\Catalog\Catalog.API\Catalog.API.csproj", "{25F4018E-F147-41C9-A0A6-FBB07D20DFEA}"
EndProject
Project("{E53339B2-1760-4266-BCC7-CA923CBCF16C}") = "docker-compose", "docker-compose.dcproj", "{682A435D-7841-4C7E-B3B6-8CC2A46AEDB4}"
EndProject
Project("{2150E333-8FDC-42A3-9474-1A3956D46DE8}") = "Basket", "Basket", "{847A5788-7E19-489E-A7AD-56A981AD2EB5}"
EndProject
Project("{9A19103F-16F7-4668-BE54-9A1E7A4F7556}") = "Basket.API", "Services\Basket\Basket.API\Basket.API.csproj", "{D81F9B95-0543-4DCC-995E-F75535A1196B}"
EndProject
Project("{2150E333-8FDC-42A3-9474-1A3956D46DE8}") = "Discount", "Discount", "{650F68DF-8FD8-41DE-B998-886568A3791E}"
EndProject
Project("{9A19103F-16F7-4668-BE54-9A1E7A4F7556}") = "Discount.API", "Services\Discount\Discount.API\Discount.API.csproj", "{87B77FDD-A83D-4DF9-B2D5-54DEA8A4E5C2}"
EndProject
Project("{9A19103F-16F7-4668-BE54-9A1E7A4F7556}") = "Discount.Grpc", "Services\Discount\Discount.Grpc\Discount.Grpc.csproj", "{4F93C008-5569-4960-9FD3-C6D74E794886}"
EndProject
Project("{2150E333-8FDC-42A3-9474-1A3956D46DE8}") = "Ordering", "Ordering", "{D4D85C9E-F4B6-4787-A1C8-AE366A55B3CB}"
EndProject
Project("{9A19103F-16F7-4668-BE54-9A1E7A4F7556}") = "Ordering.API", "Services\ordering\Ordering.API\Ordering.API.csproj", "{02C71E5E-B6B4-4C26-86CB-758FF613B01E}"
EndProject
Project("{9A19103F-16F7-4668-BE54-9A1E7A4F7556}") = "Ordering.Application", "Services\ordering\Ordering.Application\Ordering.Application.csproj", "{22EB7DF4-A6A9-4E61-B16A-8DA873B7B933}"
EndProject
Project("{9A19103F-16F7-4668-BE54-9A1E7A4F7556}") = "Ordering.Infrastrucutre", "Services\ordering\Ordering.Infrastrucutre\Ordering.Infrastrucutre.csproj", "{D4F6036F-C290-4027-86B8-E11DC1813DA4}"
EndProject
Project("{9A19103F-16F7-4668-BE54-9A1E7A4F7556}") = "Ordering.Domain", "Services\ordering\Ordering.Domain\Ordering.Domain.csproj", "{305E5053-07D7-4F74-A5EA-2869B210111B}"
EndProject
Project("{2150E333-8FDC-42A3-9474-1A3956D46DE8}") = "BuildingBlocks", "BuildingBlocks", "{A9B4D4BF-5E30-4295-9C62-9693C88AC23B}"
EndProject
Project("{9A19103F-16F7-4668-BE54-9A1E7A4F7556}") = "EventBus.Messages", "BuildingBlocks\EventBus.Messages\EventBus.Messages.csproj", "{018C3A46-01A9-4C07-B096-F1C4F727FBAA}"
EndProject
Project("{2150E333-8FDC-42A3-9474-1A3956D46DE8}") = "ApiGateways", "ApiGateways", "{966FB0B2-1F5D-4141-ABF6-A783F3DF5FE3}"
EndProject
Project("{9A19103F-16F7-4668-BE54-9A1E7A4F7556}") = "OcelotApiGw", "ApiGateways\OcelotApiGw\OcelotApiGw.csproj", "{569CAE8F-D51B-4040-BF4A-8E7DA8680B96}"
EndProject
Project("{9A19103F-16F7-4668-BE54-9A1E7A4F7556}") = "Shopping.Aggregator", "ApiGateways\Shopping.Aggregator\Shopping.Aggregator.csproj", "{9084871A-D41C-4BCD-B726-7C5DA5E93206}"
EndProject
Project("{2150E333-8FDC-42A3-9474-1A3956D46DE8}") = "WebApps", "WebApps", "{32D688B1-8158-468C-AC47-EDC7372C33BF}"
EndProject
Project("{9A19103F-16F7-4668-BE54-9A1E7A4F7556}") = "AspnetRunBasics", "WebApps\AspnetRunBasics\AspnetRunBasics.csproj", "{0B0235E1-1664-4AD2-AFA3-9310947165B3}"
EndProject
Global
	GlobalSection(SolutionConfigurationPlatforms) = preSolution
		Debug|Any CPU = Debug|Any CPU
		Release|Any CPU = Release|Any CPU
	EndGlobalSection
	GlobalSection(ProjectConfigurationPlatforms) = postSolution
		{25F4018E-F147-41C9-A0A6-FBB07D20DFEA}.Debug|Any CPU.ActiveCfg = Debug|Any CPU
		{25F4018E-F147-41C9-A0A6-FBB07D20DFEA}.Debug|Any CPU.Build.0 = Debug|Any CPU
		{25F4018E-F147-41C9-A0A6-FBB07D20DFEA}.Release|Any CPU.ActiveCfg = Release|Any CPU
		{25F4018E-F147-41C9-A0A6-FBB07D20DFEA}.Release|Any CPU.Build.0 = Release|Any CPU
		{682A435D-7841-4C7E-B3B6-8CC2A46AEDB4}.Debug|Any CPU.ActiveCfg = Debug|Any CPU
		{682A435D-7841-4C7E-B3B6-8CC2A46AEDB4}.Debug|Any CPU.Build.0 = Debug|Any CPU
		{682A435D-7841-4C7E-B3B6-8CC2A46AEDB4}.Release|Any CPU.ActiveCfg = Release|Any CPU
		{682A435D-7841-4C7E-B3B6-8CC2A46AEDB4}.Release|Any CPU.Build.0 = Release|Any CPU
		{D81F9B95-0543-4DCC-995E-F75535A1196B}.Debug|Any CPU.ActiveCfg = Debug|Any CPU
		{D81F9B95-0543-4DCC-995E-F75535A1196B}.Debug|Any CPU.Build.0 = Debug|Any CPU
		{D81F9B95-0543-4DCC-995E-F75535A1196B}.Release|Any CPU.ActiveCfg = Release|Any CPU
		{D81F9B95-0543-4DCC-995E-F75535A1196B}.Release|Any CPU.Build.0 = Release|Any CPU
		{87B77FDD-A83D-4DF9-B2D5-54DEA8A4E5C2}.Debug|Any CPU.ActiveCfg = Debug|Any CPU
		{87B77FDD-A83D-4DF9-B2D5-54DEA8A4E5C2}.Debug|Any CPU.Build.0 = Debug|Any CPU
		{87B77FDD-A83D-4DF9-B2D5-54DEA8A4E5C2}.Release|Any CPU.ActiveCfg = Release|Any CPU
		{87B77FDD-A83D-4DF9-B2D5-54DEA8A4E5C2}.Release|Any CPU.Build.0 = Release|Any CPU
		{4F93C008-5569-4960-9FD3-C6D74E794886}.Debug|Any CPU.ActiveCfg = Debug|Any CPU
		{4F93C008-5569-4960-9FD3-C6D74E794886}.Debug|Any CPU.Build.0 = Debug|Any CPU
		{4F93C008-5569-4960-9FD3-C6D74E794886}.Release|Any CPU.ActiveCfg = Release|Any CPU
		{4F93C008-5569-4960-9FD3-C6D74E794886}.Release|Any CPU.Build.0 = Release|Any CPU
		{02C71E5E-B6B4-4C26-86CB-758FF613B01E}.Debug|Any CPU.ActiveCfg = Debug|Any CPU
		{02C71E5E-B6B4-4C26-86CB-758FF613B01E}.Debug|Any CPU.Build.0 = Debug|Any CPU
		{02C71E5E-B6B4-4C26-86CB-758FF613B01E}.Release|Any CPU.ActiveCfg = Release|Any CPU
		{02C71E5E-B6B4-4C26-86CB-758FF613B01E}.Release|Any CPU.Build.0 = Release|Any CPU
		{22EB7DF4-A6A9-4E61-B16A-8DA873B7B933}.Debug|Any CPU.ActiveCfg = Debug|Any CPU
		{22EB7DF4-A6A9-4E61-B16A-8DA873B7B933}.Debug|Any CPU.Build.0 = Debug|Any CPU
		{22EB7DF4-A6A9-4E61-B16A-8DA873B7B933}.Release|Any CPU.ActiveCfg = Release|Any CPU
		{22EB7DF4-A6A9-4E61-B16A-8DA873B7B933}.Release|Any CPU.Build.0 = Release|Any CPU
		{D4F6036F-C290-4027-86B8-E11DC1813DA4}.Debug|Any CPU.ActiveCfg = Debug|Any CPU
		{D4F6036F-C290-4027-86B8-E11DC1813DA4}.Debug|Any CPU.Build.0 = Debug|Any CPU
		{D4F6036F-C290-4027-86B8-E11DC1813DA4}.Release|Any CPU.ActiveCfg = Release|Any CPU
		{D4F6036F-C290-4027-86B8-E11DC1813DA4}.Release|Any CPU.Build.0 = Release|Any CPU
		{305E5053-07D7-4F74-A5EA-2869B210111B}.Debug|Any CPU.ActiveCfg = Debug|Any CPU
		{305E5053-07D7-4F74-A5EA-2869B210111B}.Debug|Any CPU.Build.0 = Debug|Any CPU
		{305E5053-07D7-4F74-A5EA-2869B210111B}.Release|Any CPU.ActiveCfg = Release|Any CPU
		{305E5053-07D7-4F74-A5EA-2869B210111B}.Release|Any CPU.Build.0 = Release|Any CPU
		{018C3A46-01A9-4C07-B096-F1C4F727FBAA}.Debug|Any CPU.ActiveCfg = Debug|Any CPU
		{018C3A46-01A9-4C07-B096-F1C4F727FBAA}.Debug|Any CPU.Build.0 = Debug|Any CPU
		{018C3A46-01A9-4C07-B096-F1C4F727FBAA}.Release|Any CPU.ActiveCfg = Release|Any CPU
		{018C3A46-01A9-4C07-B096-F1C4F727FBAA}.Release|Any CPU.Build.0 = Release|Any CPU
		{569CAE8F-D51B-4040-BF4A-8E7DA8680B96}.Debug|Any CPU.ActiveCfg = Debug|Any CPU
		{569CAE8F-D51B-4040-BF4A-8E7DA8680B96}.Debug|Any CPU.Build.0 = Debug|Any CPU
		{569CAE8F-D51B-4040-BF4A-8E7DA8680B96}.Release|Any CPU.ActiveCfg = Release|Any CPU
		{569CAE8F-D51B-4040-BF4A-8E7DA8680B96}.Release|Any CPU.Build.0 = Release|Any CPU
		{9084871A-D41C-4BCD-B726-7C5DA5E93206}.Debug|Any CPU.ActiveCfg = Debug|Any CPU
		{9084871A-D41C-4BCD-B726-7C5DA5E93206}.Debug|Any CPU.Build.0 = Debug|Any CPU
		{9084871A-D41C-4BCD-B726-7C5DA5E93206}.Release|Any CPU.ActiveCfg = Release|Any CPU
		{9084871A-D41C-4BCD-B726-7C5DA5E93206}.Release|Any CPU.Build.0 = Release|Any CPU
		{0B0235E1-1664-4AD2-AFA3-9310947165B3}.Debug|Any CPU.ActiveCfg = Debug|Any CPU
		{0B0235E1-1664-4AD2-AFA3-9310947165B3}.Debug|Any CPU.Build.0 = Debug|Any CPU
		{0B0235E1-1664-4AD2-AFA3-9310947165B3}.Release|Any CPU.ActiveCfg = Release|Any CPU
		{0B0235E1-1664-4AD2-AFA3-9310947165B3}.Release|Any CPU.Build.0 = Release|Any CPU
	EndGlobalSection
	GlobalSection(SolutionProperties) = preSolution
		HideSolutionNode = FALSE
	EndGlobalSection
	GlobalSection(NestedProjects) = preSolution
		{2208B84D-B98C-44F5-A4AE-FCEB2B42D885} = {DF7323BC-B934-4191-9EC6-F693649ACD87}
		{25F4018E-F147-41C9-A0A6-FBB07D20DFEA} = {2208B84D-B98C-44F5-A4AE-FCEB2B42D885}
		{847A5788-7E19-489E-A7AD-56A981AD2EB5} = {DF7323BC-B934-4191-9EC6-F693649ACD87}
		{D81F9B95-0543-4DCC-995E-F75535A1196B} = {847A5788-7E19-489E-A7AD-56A981AD2EB5}
		{650F68DF-8FD8-41DE-B998-886568A3791E} = {DF7323BC-B934-4191-9EC6-F693649ACD87}
		{87B77FDD-A83D-4DF9-B2D5-54DEA8A4E5C2} = {650F68DF-8FD8-41DE-B998-886568A3791E}
		{4F93C008-5569-4960-9FD3-C6D74E794886} = {650F68DF-8FD8-41DE-B998-886568A3791E}
		{D4D85C9E-F4B6-4787-A1C8-AE366A55B3CB} = {DF7323BC-B934-4191-9EC6-F693649ACD87}
		{02C71E5E-B6B4-4C26-86CB-758FF613B01E} = {D4D85C9E-F4B6-4787-A1C8-AE366A55B3CB}
		{22EB7DF4-A6A9-4E61-B16A-8DA873B7B933} = {D4D85C9E-F4B6-4787-A1C8-AE366A55B3CB}
		{D4F6036F-C290-4027-86B8-E11DC1813DA4} = {D4D85C9E-F4B6-4787-A1C8-AE366A55B3CB}
		{305E5053-07D7-4F74-A5EA-2869B210111B} = {D4D85C9E-F4B6-4787-A1C8-AE366A55B3CB}
		{018C3A46-01A9-4C07-B096-F1C4F727FBAA} = {A9B4D4BF-5E30-4295-9C62-9693C88AC23B}
		{569CAE8F-D51B-4040-BF4A-8E7DA8680B96} = {966FB0B2-1F5D-4141-ABF6-A783F3DF5FE3}
		{9084871A-D41C-4BCD-B726-7C5DA5E93206} = {966FB0B2-1F5D-4141-ABF6-A783F3DF5FE3}
		{0B0235E1-1664-4AD2-AFA3-9310947165B3} = {32D688B1-8158-468C-AC47-EDC7372C33BF}
	EndGlobalSection
	GlobalSection(ExtensibilityGlobals) = postSolution
		SolutionGuid = {1EC1BFCC-4E22-42A5-8614-18671ED671AF}
	EndGlobalSection
EndGlobal
